
Microsoft Visual Studio Solution File, Format Version 12.00
# Visual Studio Version 16
VisualStudioVersion = 16.0.30523.141
MinimumVisualStudioVersion = 10.0.40219.1
Project("{8BC9CEB8-8B4A-11D0-8D11-00A0C91BC942}") = "Project_opp_3.3B", "Project_opp_3.3B\Project_opp_3.3B.vcxproj", "{E63D29B8-BCB6-411D-BDB8-1938A4153B73}"
EndProject
Project("{8BC9CEB8-8B4A-11D0-8D11-00A0C91BC942}") = "UnitTest_opp_3.3B", "UnitTest_opp_3.3B\UnitTest_opp_3.3B.vcxproj", "{38B3F745-312E-4AE0-BB30-D03CFDF88F3C}"
EndProject
Global
	GlobalSection(SolutionConfigurationPlatforms) = preSolution
		Debug|x64 = Debug|x64
		Debug|x86 = Debug|x86
		Release|x64 = Release|x64
		Release|x86 = Release|x86
	EndGlobalSection
	GlobalSection(ProjectConfigurationPlatforms) = postSolution
		{E63D29B8-BCB6-411D-BDB8-1938A4153B73}.Debug|x64.ActiveCfg = Debug|x64
		{E63D29B8-BCB6-411D-BDB8-1938A4153B73}.Debug|x64.Build.0 = Debug|x64
		{E63D29B8-BCB6-411D-BDB8-1938A4153B73}.Debug|x86.ActiveCfg = Debug|Win32
		{E63D29B8-BCB6-411D-BDB8-1938A4153B73}.Debug|x86.Build.0 = Debug|Win32
		{E63D29B8-BCB6-411D-BDB8-1938A4153B73}.Release|x64.ActiveCfg = Release|x64
		{E63D29B8-BCB6-411D-BDB8-1938A4153B73}.Release|x64.Build.0 = Release|x64
		{E63D29B8-BCB6-411D-BDB8-1938A4153B73}.Release|x86.ActiveCfg = Release|Win32
		{E63D29B8-BCB6-411D-BDB8-1938A4153B73}.Release|x86.Build.0 = Release|Win32
		{38B3F745-312E-4AE0-BB30-D03CFDF88F3C}.Debug|x64.ActiveCfg = Debug|x64
		{38B3F745-312E-4AE0-BB30-D03CFDF88F3C}.Debug|x64.Build.0 = Debug|x64
		{38B3F745-312E-4AE0-BB30-D03CFDF88F3C}.Debug|x86.ActiveCfg = Debug|Win32
		{38B3F745-312E-4AE0-BB30-D03CFDF88F3C}.Debug|x86.Build.0 = Debug|Win32
		{38B3F745-312E-4AE0-BB30-D03CFDF88F3C}.Release|x64.ActiveCfg = Release|x64
		{38B3F745-312E-4AE0-BB30-D03CFDF88F3C}.Release|x64.Build.0 = Release|x64
		{38B3F745-312E-4AE0-BB30-D03CFDF88F3C}.Release|x86.ActiveCfg = Release|Win32
		{38B3F745-312E-4AE0-BB30-D03CFDF88F3C}.Release|x86.Build.0 = Release|Win32
	EndGlobalSection
	GlobalSection(SolutionProperties) = preSolution
		HideSolutionNode = FALSE
	EndGlobalSection
	GlobalSection(ExtensibilityGlobals) = postSolution
		SolutionGuid = {ACF4FA0E-89CB-4048-A711-95F7921AE5E6}
	EndGlobalSection
EndGlobal
